<?xml version="1.0" encoding="utf-8"?>
<Project ToolsVersion="17.0" xmlns="http://schemas.microsoft.com/developer/msbuild/2003">
  <ItemGroup>
    <ClCompile Include="C:\Users\rodoc\HOME\developpement\Tetris\tetris.cpp">
      <Filter>Source Files</Filter>
    </ClCompile>
    <ClCompile Include="C:\Users\rodoc\HOME\developpement\Tetris\game.cpp">
      <Filter>Source Files</Filter>
    </ClCompile>
    <ClCompile Include="C:\Users\rodoc\HOME\developpement\Tetris\board.cpp">
      <Filter>Source Files</Filter>
    </ClCompile>
    <ClCompile Include="C:\Users\rodoc\HOME\developpement\Tetris\animatedBackground.cpp">
      <Filter>Source Files</Filter>
    </ClCompile>
    <ClCompile Include="C:\Users\rodoc\HOME\developpement\Tetris\particles.cpp">
      <Filter>Source Files</Filter>
    </ClCompile>
    <ClCompile Include="C:\Users\rodoc\HOME\developpement\Tetris\fog.cpp">
      <Filter>Source Files</Filter>
    </ClCompile>
    <ClCompile Include="C:\Users\rodoc\HOME\developpement\Tetris\audioStream.cpp">
      <Filter>Source Files</Filter>
    </ClCompile>
    <ClCompile Include="C:\Users\rodoc\HOME\developpement\Tetris\menu.cpp">
      <Filter>Source Files</Filter>
    </ClCompile>
    <ClCompile Include="C:\Users\rodoc\HOME\developpement\Tetris\ia.cpp">
      <Filter>Source Files</Filter>
    </ClCompile>
    <ClCompile Include="C:\Users\rodoc\HOME\developpement\Tetris\gameStatesQueue.cpp">
      <Filter>Source Files</Filter>
    </ClCompile>
    <ClCompile Include="C:\Users\rodoc\HOME\developpement\Tetris\fire.cpp">
      <Filter>Source Files</Filter>
    </ClCompile>
    <ClCompile Include="resources.cpp" />
  </ItemGroup>
  <ItemGroup>
    <CustomBuild Include="C:\Users\rodoc\HOME\developpement\Tetris\CMakeLists.txt" />
  </ItemGroup>
  <ItemGroup>
    <Filter Include="Source Files">
      <UniqueIdentifier>{E470C99D-F656-3F98-B6D0-5AABC1912E1D}</UniqueIdentifier>
    </Filter>
  </ItemGroup>
  <ItemGroup>
    <ClInclude Include="resources.h" />
  </ItemGroup>
</Project>