<?xml version="1.0" encoding="utf-8"?>
<Project ToolsVersion="17.0" xmlns="http://schemas.microsoft.com/developer/msbuild/2003">
  <ItemGroup>
    <ClCompile Include="C:\Users\rodoc\HOME\developpement\visual\Tetris\tetris.cpp">
      <Filter>Source Files</Filter>
    </ClCompile>
    <ClCompile Include="C:\Users\rodoc\HOME\developpement\visual\Tetris\board.cpp">
      <Filter>Source Files</Filter>
    </ClCompile>
    <ClCompile Include="C:\Users\rodoc\HOME\developpement\visual\Tetris\animatedBackground.cpp">
      <Filter>Source Files</Filter>
    </ClCompile>
    <ClCompile Include="C:\Users\rodoc\HOME\developpement\visual\Tetris\particles.cpp">
      <Filter>Source Files</Filter>
    </ClCompile>
    <ClCompile Include="C:\Users\rodoc\HOME\developpement\visual\Tetris\fog.cpp">
      <Filter>Source Files</Filter>
    </ClCompile>
    <ClCompile Include="C:\Users\rodoc\HOME\developpement\visual\Tetris\audioStream.cpp">
      <Filter>Source Files</Filter>
    </ClCompile>
    <ClCompile Include="C:\Users\rodoc\HOME\developpement\visual\Tetris\menu.cpp">
      <Filter>Source Files</Filter>
    </ClCompile>
  </ItemGroup>
  <ItemGroup>
    <CustomBuild Include="C:\Users\rodoc\HOME\developpement\visual\Tetris\CMakeLists.txt" />
  </ItemGroup>
  <ItemGroup>
    <Filter Include="Source Files">
      <UniqueIdentifier>{BCA19BFA-47D4-3205-A6A2-1707B6608360}</UniqueIdentifier>
    </Filter>
  </ItemGroup>
</Project>
