// !$*UTF8*$!
{
	archiveVersion = 1;
	classes = {
	};
	objectVersion = 46;
	objects = {

/* Begin PBXAggregateTarget section */
		22D9437DAEDF4C928B72DF12 /* ALL_BUILD */ = {
			isa = PBXAggregateTarget;
			buildConfigurationList = C155E55112844C1DBCE92ACD /* Build configuration list for PBXAggregateTarget "ALL_BUILD" */;
			buildPhases = (
				40D64DACABFDF54C8A6CAE8B /* Generate CMakeFiles/ALL_BUILD */,
			);
			dependencies = (
				BBC3156629654CE7B4101BC2 /* PBXTargetDependency */,
				DD526E9E59114069A23C88C3 /* PBXTargetDependency */,
			);
			name = ALL_BUILD;
			productName = ALL_BUILD;
		};
		6618350F471346CEB0F4E882 /* ZERO_CHECK */ = {
			isa = PBXAggregateTarget;
			buildConfigurationList = 210A240811F94D6DA82B6460 /* Build configuration list for PBXAggregateTarget "ZERO_CHECK" */;
			buildPhases = (
				AC939FAA504AC028269A5094 /* Generate CMakeFiles/ZERO_CHECK */,
			);
			dependencies = (
			);
			name = ZERO_CHECK;
			productName = ZERO_CHECK;
		};
/* End PBXAggregateTarget section */

/* Begin PBXBuildFile section */
		0715193AE2E34F07859E59AD /* /Users/rodoc/develop/Tetris/game.cpp */ = {isa = PBXBuildFile; fileRef = C05BBAF2C3F141269A1CF374 /* /Users/rodoc/develop/Tetris/game.cpp */; };
		131CCB3742074E71AC0A6B14 /* /Users/rodoc/develop/Tetris/resources/one.ogg */ = {isa = PBXBuildFile; fileRef = C6545D137C1644139AE987B3 /* /Users/rodoc/develop/Tetris/resources/one.ogg */; };
		2185C8A34A6941B6959BBF37 /* /Users/rodoc/develop/Tetris/fire.cpp */ = {isa = PBXBuildFile; fileRef = FF13EA0B669B4218AB704A16 /* /Users/rodoc/develop/Tetris/fire.cpp */; };
		22CC01ED78CA48598191BA9B /* /Users/rodoc/develop/Tetris/ia.cpp */ = {isa = PBXBuildFile; fileRef = BC4355FFC9E3456E81DDE7B9 /* /Users/rodoc/develop/Tetris/ia.cpp */; };
		2D160F520ACB40A4BBDF27CA /* /Users/rodoc/develop/Tetris/fog.cpp */ = {isa = PBXBuildFile; fileRef = BAB571B796C846D187966115 /* /Users/rodoc/develop/Tetris/fog.cpp */; };
		34937B9DE6274BE4B2F1805A /* /Users/rodoc/develop/Tetris/xcode/CMakeFiles/tetris.dir/Info.plist */ = {isa = PBXBuildFile; fileRef = 2FFBE213F14545459FB54B6C /* /Users/rodoc/develop/Tetris/xcode/CMakeFiles/tetris.dir/Info.plist */; };
		37BB7AE77B4442239CB31BC0 /* /Applications/Xcode.app/Contents/Developer/Platforms/MacOSX.platform/Developer/SDKs/MacOSX14.5.sdk/System/Library/Frameworks/CoreFoundation.framework */ = {isa = PBXBuildFile; fileRef = D13F9FF24B814AFCB4388118 /* /Applications/Xcode.app/Contents/Developer/Platforms/MacOSX.platform/Developer/SDKs/MacOSX14.5.sdk/System/Library/Frameworks/CoreFoundation.framework */; };
		428B24D5E6394DFA982D30A3 /* /Users/rodoc/develop/Tetris/resources/go.ogg */ = {isa = PBXBuildFile; fileRef = 3DB757306B8F4D5FAC5B515A /* /Users/rodoc/develop/Tetris/resources/go.ogg */; };
		449D88EAB6BE48BA9280DAD3 /* /Users/rodoc/develop/Tetris/gameStatesQueue.cpp */ = {isa = PBXBuildFile; fileRef = 544A7191524A463C8CB72302 /* /Users/rodoc/develop/Tetris/gameStatesQueue.cpp */; };
		4943C5C13D844620BA5CEEA9 /* /Users/rodoc/develop/Tetris/CMakeLists.txt */ = {isa = PBXBuildFile; fileRef = FF24A2DD7237403B824FD29F /* /Users/rodoc/develop/Tetris/CMakeLists.txt */; };
		4B7304623DB447D6BC5DF023 /* /Users/rodoc/develop/Tetris/resources/three.ogg */ = {isa = PBXBuildFile; fileRef = AEB1B22FBF8C4BE4B5435A60 /* /Users/rodoc/develop/Tetris/resources/three.ogg */; };
		5660D576DDCC40D98292D0EC /* /Users/rodoc/develop/Tetris/resources/two.ogg */ = {isa = PBXBuildFile; fileRef = F171EA8AD5C8477791349C0F /* /Users/rodoc/develop/Tetris/resources/two.ogg */; };
		5B1A5806A457448F91E80541 /* /Users/rodoc/develop/Tetris/particles.cpp */ = {isa = PBXBuildFile; fileRef = 0CC77BD1D0D7405DB235B1DF /* /Users/rodoc/develop/Tetris/particles.cpp */; };
		6142B4F3308B48F2BDED66FA /* /Users/rodoc/develop/Tetris/resources/TDrift.ogg */ = {isa = PBXBuildFile; fileRef = 319CFEA5EF4843CAA38CC978 /* /Users/rodoc/develop/Tetris/resources/TDrift.ogg */; };
		63CD83098D914FAE8795C721 /* /Users/rodoc/develop/Tetris/resources/Brick3DRegular-nRJR4.ttf */ = {isa = PBXBuildFile; fileRef = 2B387334BD124DA69B5F2AB4 /* /Users/rodoc/develop/Tetris/resources/Brick3DRegular-nRJR4.ttf */; };
		6724498C2C4A401D8D115F56 /* /Users/rodoc/develop/Tetris/tetris.cpp */ = {isa = PBXBuildFile; fileRef = 91753F5C78164257AEB1D64E /* /Users/rodoc/develop/Tetris/tetris.cpp */; };
		7B5731049FA246119817D498 /* /Users/rodoc/develop/Tetris/audioStream.cpp */ = {isa = PBXBuildFile; fileRef = 039E40A85B8841D6AABC1818 /* /Users/rodoc/develop/Tetris/audioStream.cpp */; };
		8058EA87B79F498680F93532 /* /Users/rodoc/develop/Tetris/animatedBackground.cpp */ = {isa = PBXBuildFile; fileRef = A87FA0EFF340411A840EE8A6 /* /Users/rodoc/develop/Tetris/animatedBackground.cpp */; };
		858C4AFF271D4547AF09EBBC /* /Users/rodoc/develop/Tetris/board.cpp */ = {isa = PBXBuildFile; fileRef = 51E7D5BD72A9401B95B4C5AF /* /Users/rodoc/develop/Tetris/board.cpp */; };
		88DABDF486ED4159B86729F4 /* /Users/rodoc/develop/Tetris/resources/ready.ogg */ = {isa = PBXBuildFile; fileRef = 0F34078EDB3B4D59BFEC8E2D /* /Users/rodoc/develop/Tetris/resources/ready.ogg */; };
		A2214CB9BB324CE1BFFB0BB3 /* /Users/rodoc/develop/Tetris/resources/tetris99main.ogg */ = {isa = PBXBuildFile; fileRef = 7BB098F1298343B8B1B4AA7D /* /Users/rodoc/develop/Tetris/resources/tetris99main.ogg */; };
		D0E0AE407536444FA43EECC0 /* /Users/rodoc/develop/Tetris/resources/tetris99main2.ogg */ = {isa = PBXBuildFile; fileRef = 1534B446952A489493570100 /* /Users/rodoc/develop/Tetris/resources/tetris99main2.ogg */; };
		E0C5EF60FBF643E88C3F339F /* /Applications/Xcode.app/Contents/Developer/Platforms/MacOSX.platform/Developer/SDKs/MacOSX14.5.sdk/System/Library/Frameworks/OpenGL.framework */ = {isa = PBXBuildFile; fileRef = B8D5475121B64EDF9E90F1AF /* /Applications/Xcode.app/Contents/Developer/Platforms/MacOSX.platform/Developer/SDKs/MacOSX14.5.sdk/System/Library/Frameworks/OpenGL.framework */; };
		FAAF6909A4E8480C834BB40A /* /Users/rodoc/develop/Tetris/menu.cpp */ = {isa = PBXBuildFile; fileRef = FED08E9B660042FFB3E18C09 /* /Users/rodoc/develop/Tetris/menu.cpp */; };
/* End PBXBuildFile section */

/* Begin PBXBuildStyle section */
		33EDB3CE0B114C55A2F832DB /* Release */ = {
			isa = PBXBuildStyle;
			buildSettings = {
				COPY_PHASE_STRIP = NO;
			};
			name = Release;
		};
		8270AEB3FD0144B0B3F09E29 /* Debug */ = {
			isa = PBXBuildStyle;
			buildSettings = {
				COPY_PHASE_STRIP = NO;
			};
			name = Debug;
		};
		95A6E91222264823BED077B0 /* RelWithDebInfo */ = {
			isa = PBXBuildStyle;
			buildSettings = {
				COPY_PHASE_STRIP = NO;
			};
			name = RelWithDebInfo;
		};
		D99FBB652E8147A29E9B76CF /* MinSizeRel */ = {
			isa = PBXBuildStyle;
			buildSettings = {
				COPY_PHASE_STRIP = NO;
			};
			name = MinSizeRel;
		};
/* End PBXBuildStyle section */

/* Begin PBXContainerItemProxy section */
		8C8C695B15C54E85ADADA4A5 /* PBXContainerItemProxy */ = {
			isa = PBXContainerItemProxy;
			containerPortal = D26FEB46641C4FA7BB398A01 /* Project object */;
			proxyType = 1;
			remoteGlobalIDString = 6618350F471346CEB0F4E882;
			remoteInfo = ZERO_CHECK;
		};
		BF4093FDC6784CC4B1E13B16 /* PBXContainerItemProxy */ = {
			isa = PBXContainerItemProxy;
			containerPortal = D26FEB46641C4FA7BB398A01 /* Project object */;
			proxyType = 1;
			remoteGlobalIDString = 6618350F471346CEB0F4E882;
			remoteInfo = ZERO_CHECK;
		};
		DE804FDBA7534A56992CD0DB /* PBXContainerItemProxy */ = {
			isa = PBXContainerItemProxy;
			containerPortal = D26FEB46641C4FA7BB398A01 /* Project object */;
			proxyType = 1;
			remoteGlobalIDString = FA8FD675B998484C9547E47F;
			remoteInfo = tetris;
		};
/* End PBXContainerItemProxy section */

/* Begin PBXFileReference section */
		039E40A85B8841D6AABC1818 /* /Users/rodoc/develop/Tetris/audioStream.cpp */ = {isa = PBXFileReference; explicitFileType = sourcecode.cpp.cpp; fileEncoding = 4; name = audioStream.cpp; path = audioStream.cpp; sourceTree = SOURCE_ROOT; };
		0CC77BD1D0D7405DB235B1DF /* /Users/rodoc/develop/Tetris/particles.cpp */ = {isa = PBXFileReference; explicitFileType = sourcecode.cpp.cpp; fileEncoding = 4; name = particles.cpp; path = particles.cpp; sourceTree = SOURCE_ROOT; };
		0F34078EDB3B4D59BFEC8E2D /* /Users/rodoc/develop/Tetris/resources/ready.ogg */ = {isa = PBXFileReference; explicitFileType = sourcecode; fileEncoding = 4; name = ready.ogg; path = resources/ready.ogg; sourceTree = SOURCE_ROOT; };
		1534B446952A489493570100 /* /Users/rodoc/develop/Tetris/resources/tetris99main2.ogg */ = {isa = PBXFileReference; explicitFileType = sourcecode; fileEncoding = 4; name = tetris99main2.ogg; path = resources/tetris99main2.ogg; sourceTree = SOURCE_ROOT; };
		2B387334BD124DA69B5F2AB4 /* /Users/rodoc/develop/Tetris/resources/Brick3DRegular-nRJR4.ttf */ = {isa = PBXFileReference; explicitFileType = sourcecode; fileEncoding = 4; name = "Brick3DRegular-nRJR4.ttf"; path = "resources/Brick3DRegular-nRJR4.ttf"; sourceTree = SOURCE_ROOT; };
		2FFBE213F14545459FB54B6C /* /Users/rodoc/develop/Tetris/xcode/CMakeFiles/tetris.dir/Info.plist */ = {isa = PBXFileReference; explicitFileType = sourcecode.text.plist; fileEncoding = 4; name = Info.plist; path = xcode/CMakeFiles/tetris.dir/Info.plist; sourceTree = SOURCE_ROOT; };
		319CFEA5EF4843CAA38CC978 /* /Users/rodoc/develop/Tetris/resources/TDrift.ogg */ = {isa = PBXFileReference; explicitFileType = sourcecode; fileEncoding = 4; name = TDrift.ogg; path = resources/TDrift.ogg; sourceTree = SOURCE_ROOT; };
		3DB757306B8F4D5FAC5B515A /* /Users/rodoc/develop/Tetris/resources/go.ogg */ = {isa = PBXFileReference; explicitFileType = sourcecode; fileEncoding = 4; name = go.ogg; path = resources/go.ogg; sourceTree = SOURCE_ROOT; };
		51E7D5BD72A9401B95B4C5AF /* /Users/rodoc/develop/Tetris/board.cpp */ = {isa = PBXFileReference; explicitFileType = sourcecode.cpp.cpp; fileEncoding = 4; name = board.cpp; path = board.cpp; sourceTree = SOURCE_ROOT; };
		544A7191524A463C8CB72302 /* /Users/rodoc/develop/Tetris/gameStatesQueue.cpp */ = {isa = PBXFileReference; explicitFileType = sourcecode.cpp.cpp; fileEncoding = 4; name = gameStatesQueue.cpp; path = gameStatesQueue.cpp; sourceTree = SOURCE_ROOT; };
		7BB098F1298343B8B1B4AA7D /* /Users/rodoc/develop/Tetris/resources/tetris99main.ogg */ = {isa = PBXFileReference; explicitFileType = sourcecode; fileEncoding = 4; name = tetris99main.ogg; path = resources/tetris99main.ogg; sourceTree = SOURCE_ROOT; };
		7D90749906724FA7A9566BF9 /* tetris */ = {isa = PBXFileReference; explicitFileType = "compiled.mach-o.executable"; path = tetris; sourceTree = BUILT_PRODUCTS_DIR; };
		91753F5C78164257AEB1D64E /* /Users/rodoc/develop/Tetris/tetris.cpp */ = {isa = PBXFileReference; explicitFileType = sourcecode.cpp.cpp; fileEncoding = 4; name = tetris.cpp; path = tetris.cpp; sourceTree = SOURCE_ROOT; };
		95298EC6A53E4CB3A94CFF4B /* /Users/rodoc/develop/Tetris/CMakeLists.txt */ = {isa = PBXFileReference; explicitFileType = sourcecode.text; fileEncoding = 4; name = CMakeLists.txt; path = CMakeLists.txt; sourceTree = SOURCE_ROOT; };
		A87FA0EFF340411A840EE8A6 /* /Users/rodoc/develop/Tetris/animatedBackground.cpp */ = {isa = PBXFileReference; explicitFileType = sourcecode.cpp.cpp; fileEncoding = 4; name = animatedBackground.cpp; path = animatedBackground.cpp; sourceTree = SOURCE_ROOT; };
		AEB1B22FBF8C4BE4B5435A60 /* /Users/rodoc/develop/Tetris/resources/three.ogg */ = {isa = PBXFileReference; explicitFileType = sourcecode; fileEncoding = 4; name = three.ogg; path = resources/three.ogg; sourceTree = SOURCE_ROOT; };
		B8D5475121B64EDF9E90F1AF /* /Applications/Xcode.app/Contents/Developer/Platforms/MacOSX.platform/Developer/SDKs/MacOSX14.5.sdk/System/Library/Frameworks/OpenGL.framework */ = {isa = PBXFileReference; fileEncoding = 4; lastKnownFileType = wrapper.framework; name = OpenGL.framework; path = /Applications/Xcode.app/Contents/Developer/Platforms/MacOSX.platform/Developer/SDKs/MacOSX14.5.sdk/System/Library/Frameworks/OpenGL.framework; sourceTree = "<absolute>"; };
		BAB571B796C846D187966115 /* /Users/rodoc/develop/Tetris/fog.cpp */ = {isa = PBXFileReference; explicitFileType = sourcecode.cpp.cpp; fileEncoding = 4; name = fog.cpp; path = fog.cpp; sourceTree = SOURCE_ROOT; };
		BC4355FFC9E3456E81DDE7B9 /* /Users/rodoc/develop/Tetris/ia.cpp */ = {isa = PBXFileReference; explicitFileType = sourcecode.cpp.cpp; fileEncoding = 4; name = ia.cpp; path = ia.cpp; sourceTree = SOURCE_ROOT; };
		C05BBAF2C3F141269A1CF374 /* /Users/rodoc/develop/Tetris/game.cpp */ = {isa = PBXFileReference; explicitFileType = sourcecode.cpp.cpp; fileEncoding = 4; name = game.cpp; path = game.cpp; sourceTree = SOURCE_ROOT; };
		C6545D137C1644139AE987B3 /* /Users/rodoc/develop/Tetris/resources/one.ogg */ = {isa = PBXFileReference; explicitFileType = sourcecode; fileEncoding = 4; name = one.ogg; path = resources/one.ogg; sourceTree = SOURCE_ROOT; };
		D13F9FF24B814AFCB4388118 /* /Applications/Xcode.app/Contents/Developer/Platforms/MacOSX.platform/Developer/SDKs/MacOSX14.5.sdk/System/Library/Frameworks/CoreFoundation.framework */ = {isa = PBXFileReference; fileEncoding = 4; lastKnownFileType = wrapper.framework; name = CoreFoundation.framework; path = /Applications/Xcode.app/Contents/Developer/Platforms/MacOSX.platform/Developer/SDKs/MacOSX14.5.sdk/System/Library/Frameworks/CoreFoundation.framework; sourceTree = "<absolute>"; };
		F171EA8AD5C8477791349C0F /* /Users/rodoc/develop/Tetris/resources/two.ogg */ = {isa = PBXFileReference; explicitFileType = sourcecode; fileEncoding = 4; name = two.ogg; path = resources/two.ogg; sourceTree = SOURCE_ROOT; };
		FED08E9B660042FFB3E18C09 /* /Users/rodoc/develop/Tetris/menu.cpp */ = {isa = PBXFileReference; explicitFileType = sourcecode.cpp.cpp; fileEncoding = 4; name = menu.cpp; path = menu.cpp; sourceTree = SOURCE_ROOT; };
		FF13EA0B669B4218AB704A16 /* /Users/rodoc/develop/Tetris/fire.cpp */ = {isa = PBXFileReference; explicitFileType = sourcecode.cpp.cpp; fileEncoding = 4; name = fire.cpp; path = fire.cpp; sourceTree = SOURCE_ROOT; };
		FF24A2DD7237403B824FD29F /* /Users/rodoc/develop/Tetris/CMakeLists.txt */ = {isa = PBXFileReference; explicitFileType = sourcecode.text; fileEncoding = 4; name = CMakeLists.txt; path = CMakeLists.txt; sourceTree = SOURCE_ROOT; };
/* End PBXFileReference section */

/* Begin PBXFrameworksBuildPhase section */
		2395AC052CA341B3BBF643AA /* Frameworks */ = {
			isa = PBXFrameworksBuildPhase;
			buildActionMask = 2147483647;
			files = (
			);
			runOnlyForDeploymentPostprocessing = 0;
		};
/* End PBXFrameworksBuildPhase section */

/* Begin PBXGroup section */
		208D745793D247928E3D1BEA = {
			isa = PBXGroup;
			children = (
				D901EE36E4F14076943B4C5D /* tetris */,
				625BFBDB93974ADE88CA09E3 /* ALL_BUILD */,
				DD64B0DA5AA548F6A5F00175 /* Products */,
				4B384E3B32BD4C4F8451719C /* Frameworks */,
				54F57AA6FE5C48B095324CC6 /* Resources */,
			);
			sourceTree = "<group>";
		};
		44C4292791E84B459DE6470E /* Resources */ = {
			isa = PBXGroup;
			children = (
				2FFBE213F14545459FB54B6C /* /Users/rodoc/develop/Tetris/xcode/CMakeFiles/tetris.dir/Info.plist */,
			);
			name = Resources;
			sourceTree = "<group>";
		};
		4B384E3B32BD4C4F8451719C /* Frameworks */ = {
			isa = PBXGroup;
			children = (
				B8D5475121B64EDF9E90F1AF /* /Applications/Xcode.app/Contents/Developer/Platforms/MacOSX.platform/Developer/SDKs/MacOSX14.5.sdk/System/Library/Frameworks/OpenGL.framework */,
				D13F9FF24B814AFCB4388118 /* /Applications/Xcode.app/Contents/Developer/Platforms/MacOSX.platform/Developer/SDKs/MacOSX14.5.sdk/System/Library/Frameworks/CoreFoundation.framework */,
			);
			name = Frameworks;
			sourceTree = "<group>";
		};
		54F57AA6FE5C48B095324CC6 /* Resources */ = {
			isa = PBXGroup;
			children = (
			);
			name = Resources;
			sourceTree = "<group>";
		};
		625BFBDB93974ADE88CA09E3 /* ALL_BUILD */ = {
			isa = PBXGroup;
			children = (
				EA37FCE2A75E40D7B20F5B7B /* CMake Rules */,
				95298EC6A53E4CB3A94CFF4B /* /Users/rodoc/develop/Tetris/CMakeLists.txt */,
			);
			name = ALL_BUILD;
			sourceTree = "<group>";
		};
		A50C2FD3B7784996ADBCF7E5 /* Source Files */ = {
			isa = PBXGroup;
			children = (
				A87FA0EFF340411A840EE8A6 /* /Users/rodoc/develop/Tetris/animatedBackground.cpp */,
				039E40A85B8841D6AABC1818 /* /Users/rodoc/develop/Tetris/audioStream.cpp */,
				51E7D5BD72A9401B95B4C5AF /* /Users/rodoc/develop/Tetris/board.cpp */,
				FF13EA0B669B4218AB704A16 /* /Users/rodoc/develop/Tetris/fire.cpp */,
				BAB571B796C846D187966115 /* /Users/rodoc/develop/Tetris/fog.cpp */,
				C05BBAF2C3F141269A1CF374 /* /Users/rodoc/develop/Tetris/game.cpp */,
				544A7191524A463C8CB72302 /* /Users/rodoc/develop/Tetris/gameStatesQueue.cpp */,
				BC4355FFC9E3456E81DDE7B9 /* /Users/rodoc/develop/Tetris/ia.cpp */,
				FED08E9B660042FFB3E18C09 /* /Users/rodoc/develop/Tetris/menu.cpp */,
				0CC77BD1D0D7405DB235B1DF /* /Users/rodoc/develop/Tetris/particles.cpp */,
				91753F5C78164257AEB1D64E /* /Users/rodoc/develop/Tetris/tetris.cpp */,
			);
			name = "Source Files";
			sourceTree = "<group>";
		};
		D901EE36E4F14076943B4C5D /* tetris */ = {
			isa = PBXGroup;
			children = (
				A50C2FD3B7784996ADBCF7E5 /* Source Files */,
				44C4292791E84B459DE6470E /* Resources */,
				FF24A2DD7237403B824FD29F /* /Users/rodoc/develop/Tetris/CMakeLists.txt */,
				2B387334BD124DA69B5F2AB4 /* /Users/rodoc/develop/Tetris/resources/Brick3DRegular-nRJR4.ttf */,
				319CFEA5EF4843CAA38CC978 /* /Users/rodoc/develop/Tetris/resources/TDrift.ogg */,
				3DB757306B8F4D5FAC5B515A /* /Users/rodoc/develop/Tetris/resources/go.ogg */,
				C6545D137C1644139AE987B3 /* /Users/rodoc/develop/Tetris/resources/one.ogg */,
				0F34078EDB3B4D59BFEC8E2D /* /Users/rodoc/develop/Tetris/resources/ready.ogg */,
				7BB098F1298343B8B1B4AA7D /* /Users/rodoc/develop/Tetris/resources/tetris99main.ogg */,
				1534B446952A489493570100 /* /Users/rodoc/develop/Tetris/resources/tetris99main2.ogg */,
				AEB1B22FBF8C4BE4B5435A60 /* /Users/rodoc/develop/Tetris/resources/three.ogg */,
				F171EA8AD5C8477791349C0F /* /Users/rodoc/develop/Tetris/resources/two.ogg */,
			);
			name = tetris;
			sourceTree = "<group>";
		};
		DD64B0DA5AA548F6A5F00175 /* Products */ = {
			isa = PBXGroup;
			children = (
				7D90749906724FA7A9566BF9 /* tetris */,
			);
			name = Products;
			sourceTree = "<group>";
		};
		EA37FCE2A75E40D7B20F5B7B /* CMake Rules */ = {
			isa = PBXGroup;
			children = (
			);
			name = "CMake Rules";
			sourceTree = "<group>";
		};
/* End PBXGroup section */

/* Begin PBXNativeTarget section */
		FA8FD675B998484C9547E47F /* tetris */ = {
			isa = PBXNativeTarget;
			buildConfigurationList = 136A19D8961147BF893BA9BD /* Build configuration list for PBXNativeTarget "tetris" */;
			buildPhases = (
				EB5064B3A2414608943E55FD /* Resources */,
				4D5B38BEE7134215B44CBEDC /* Sources */,
				2395AC052CA341B3BBF643AA /* Frameworks */,
				425DCD9E4A3FF838E4FD7E1E /* CMake PostBuild Rules */,
			);
			buildRules = (
			);
			dependencies = (
				29E618D2D72141E8875414AF /* PBXTargetDependency */,
			);
			name = tetris;
			productName = tetris;
			productReference = 7D90749906724FA7A9566BF9 /* tetris */;
			productType = "com.apple.product-type.application";
		};
/* End PBXNativeTarget section */

/* Begin PBXProject section */
		D26FEB46641C4FA7BB398A01 /* Project object */ = {
			isa = PBXProject;
			attributes = {
				BuildIndependentTargetsInParallel = YES;
				LastUpgradeCheck = 1540;
			};
			buildConfigurationList = A8EE3FA277E3405AB9B4319F /* Build configuration list for PBXProject "Tetris" */;
			buildSettings = {
			};
			buildStyles = (
				8270AEB3FD0144B0B3F09E29 /* Debug */,
				33EDB3CE0B114C55A2F832DB /* Release */,
				D99FBB652E8147A29E9B76CF /* MinSizeRel */,
				95A6E91222264823BED077B0 /* RelWithDebInfo */,
			);
			compatibilityVersion = "Xcode 3.2";
			hasScannedForEncodings = 0;
			mainGroup = 208D745793D247928E3D1BEA;
			projectDirPath = /Users/rodoc/develop/Tetris;
			projectRoot = "";
			targets = (
				22D9437DAEDF4C928B72DF12 /* ALL_BUILD */,
				6618350F471346CEB0F4E882 /* ZERO_CHECK */,
				FA8FD675B998484C9547E47F /* tetris */,
			);
		};
/* End PBXProject section */

/* Begin PBXShellScriptBuildPhase section */
		3C0110FC8322DE7E50886E21 = {
			isa = PBXShellScriptBuildPhase;
			buildActionMask = 2147483647;
			files = (
			);
			inputPaths = (
			);
			outputPaths = (
			);
			runOnlyForDeploymentPostprocessing = 0;
			shellPath = /bin/sh;
			shellScript = "# shell script goes here
exit 0";
			showEnvVarsInLog = 0;
		};
		40D64DACABFDF54C8A6CAE8B /* Generate CMakeFiles/ALL_BUILD */ = {
			isa = PBXShellScriptBuildPhase;
			alwaysOutOfDate = 1;
			buildActionMask = 2147483647;
			files = (
			);
			inputPaths = (
			);
			name = "Generate CMakeFiles/ALL_BUILD";
			outputPaths = (
/Users/rodoc/develop/Tetris/xcode/CMakeFiles/ALL_BUILD			);
			runOnlyForDeploymentPostprocessing = 0;
			shellPath = /bin/sh;
			shellScript = "set -e
if test \"$CONFIGURATION\" = \"Debug\"; then :
  cd /Users/rodoc/develop/Tetris/xcode
  echo Build\\ all\\ projects
fi
if test \"$CONFIGURATION\" = \"Release\"; then :
  cd /Users/rodoc/develop/Tetris/xcode
  echo Build\\ all\\ projects
fi
if test \"$CONFIGURATION\" = \"MinSizeRel\"; then :
  cd /Users/rodoc/develop/Tetris/xcode
  echo Build\\ all\\ projects
fi
if test \"$CONFIGURATION\" = \"RelWithDebInfo\"; then :
  cd /Users/rodoc/develop/Tetris/xcode
  echo Build\\ all\\ projects
fi
";
			showEnvVarsInLog = 0;
		};
		425DCD9E4A3FF838E4FD7E1E /* CMake PostBuild Rules */ = {
			isa = PBXShellScriptBuildPhase;
			alwaysOutOfDate = 1;
			buildActionMask = 2147483647;
			files = (
			);
			name = "CMake PostBuild Rules";
			outputPaths = (
			);
			runOnlyForDeploymentPostprocessing = 0;
			shellPath = /bin/sh;
			shellScript = "set -e
if test \"$CONFIGURATION\" = \"Debug\"; then :
  cd /Users/rodoc/develop/Tetris/xcode
  /opt/homebrew/bin/python3.12 /Users/rodoc/develop/vcpkg/scripts/buildsystems/osx/applocal.py /Users/rodoc/develop/Tetris/xcode/Debug/tetris.app/Contents/MacOS/tetris /Users/rodoc/develop/vcpkg/installed/arm64-osx/debug
fi
if test \"$CONFIGURATION\" = \"Release\"; then :
  cd /Users/rodoc/develop/Tetris/xcode
  /opt/homebrew/bin/python3.12 /Users/rodoc/develop/vcpkg/scripts/buildsystems/osx/applocal.py /Users/rodoc/develop/Tetris/xcode/Release/tetris.app/Contents/MacOS/tetris /Users/rodoc/develop/vcpkg/installed/arm64-osx
fi
if test \"$CONFIGURATION\" = \"MinSizeRel\"; then :
  cd /Users/rodoc/develop/Tetris/xcode
  /opt/homebrew/bin/python3.12 /Users/rodoc/develop/vcpkg/scripts/buildsystems/osx/applocal.py /Users/rodoc/develop/Tetris/xcode/MinSizeRel/tetris.app/Contents/MacOS/tetris /Users/rodoc/develop/vcpkg/installed/arm64-osx
fi
if test \"$CONFIGURATION\" = \"RelWithDebInfo\"; then :
  cd /Users/rodoc/develop/Tetris/xcode
  /opt/homebrew/bin/python3.12 /Users/rodoc/develop/vcpkg/scripts/buildsystems/osx/applocal.py /Users/rodoc/develop/Tetris/xcode/RelWithDebInfo/tetris.app/Contents/MacOS/tetris /Users/rodoc/develop/vcpkg/installed/arm64-osx
fi
";
			showEnvVarsInLog = 0;
		};
		9B50530E35CC49C82C2FACCF = {
			isa = PBXShellScriptBuildPhase;
			buildActionMask = 2147483647;
			files = (
			);
			inputPaths = (
			);
			outputPaths = (
			);
			runOnlyForDeploymentPostprocessing = 0;
			shellPath = /bin/sh;
			shellScript = "# shell script goes here
exit 0";
			showEnvVarsInLog = 0;
		};
		AC939FAA504AC028269A5094 /* Generate CMakeFiles/ZERO_CHECK */ = {
			isa = PBXShellScriptBuildPhase;
			alwaysOutOfDate = 1;
			buildActionMask = 2147483647;
			files = (
			);
			inputPaths = (
			);
			name = "Generate CMakeFiles/ZERO_CHECK";
			outputPaths = (
/Users/rodoc/develop/Tetris/xcode/CMakeFiles/ZERO_CHECK			);
			runOnlyForDeploymentPostprocessing = 0;
			shellPath = /bin/sh;
			shellScript = "set -e
if test \"$CONFIGURATION\" = \"Debug\"; then :
  cd /Users/rodoc/develop/Tetris/xcode
  make -f /Users/rodoc/develop/Tetris/xcode/CMakeScripts/ReRunCMake.make
fi
if test \"$CONFIGURATION\" = \"Release\"; then :
  cd /Users/rodoc/develop/Tetris/xcode
  make -f /Users/rodoc/develop/Tetris/xcode/CMakeScripts/ReRunCMake.make
fi
if test \"$CONFIGURATION\" = \"MinSizeRel\"; then :
  cd /Users/rodoc/develop/Tetris/xcode
  make -f /Users/rodoc/develop/Tetris/xcode/CMakeScripts/ReRunCMake.make
fi
if test \"$CONFIGURATION\" = \"RelWithDebInfo\"; then :
  cd /Users/rodoc/develop/Tetris/xcode
  make -f /Users/rodoc/develop/Tetris/xcode/CMakeScripts/ReRunCMake.make
fi
";
			showEnvVarsInLog = 0;
		};
/* End PBXShellScriptBuildPhase section */

/* Begin PBXResourcesBuildPhase section */
		EB5064B3A2414608943E55FD /* Resources */ = {
			isa = PBXResourcesBuildPhase;
			buildActionMask = 2147483647;
			files = (
				63CD83098D914FAE8795C721 /* /Users/rodoc/develop/Tetris/resources/Brick3DRegular-nRJR4.ttf */,
				6142B4F3308B48F2BDED66FA /* /Users/rodoc/develop/Tetris/resources/TDrift.ogg */,
				428B24D5E6394DFA982D30A3 /* /Users/rodoc/develop/Tetris/resources/go.ogg */,
				131CCB3742074E71AC0A6B14 /* /Users/rodoc/develop/Tetris/resources/one.ogg */,
				88DABDF486ED4159B86729F4 /* /Users/rodoc/develop/Tetris/resources/ready.ogg */,
				A2214CB9BB324CE1BFFB0BB3 /* /Users/rodoc/develop/Tetris/resources/tetris99main.ogg */,
				D0E0AE407536444FA43EECC0 /* /Users/rodoc/develop/Tetris/resources/tetris99main2.ogg */,
				4B7304623DB447D6BC5DF023 /* /Users/rodoc/develop/Tetris/resources/three.ogg */,
				5660D576DDCC40D98292D0EC /* /Users/rodoc/develop/Tetris/resources/two.ogg */,
			);
			runOnlyForDeploymentPostprocessing = 0;
		};
/* End PBXResourcesBuildPhase section */

/* Begin PBXSourcesBuildPhase section */
		4D5B38BEE7134215B44CBEDC /* Sources */ = {
			isa = PBXSourcesBuildPhase;
			buildActionMask = 2147483647;
			files = (
				8058EA87B79F498680F93532 /* /Users/rodoc/develop/Tetris/animatedBackground.cpp */,
				7B5731049FA246119817D498 /* /Users/rodoc/develop/Tetris/audioStream.cpp */,
				858C4AFF271D4547AF09EBBC /* /Users/rodoc/develop/Tetris/board.cpp */,
				2185C8A34A6941B6959BBF37 /* /Users/rodoc/develop/Tetris/fire.cpp */,
				2D160F520ACB40A4BBDF27CA /* /Users/rodoc/develop/Tetris/fog.cpp */,
				0715193AE2E34F07859E59AD /* /Users/rodoc/develop/Tetris/game.cpp */,
				449D88EAB6BE48BA9280DAD3 /* /Users/rodoc/develop/Tetris/gameStatesQueue.cpp */,
				22CC01ED78CA48598191BA9B /* /Users/rodoc/develop/Tetris/ia.cpp */,
				FAAF6909A4E8480C834BB40A /* /Users/rodoc/develop/Tetris/menu.cpp */,
				5B1A5806A457448F91E80541 /* /Users/rodoc/develop/Tetris/particles.cpp */,
				6724498C2C4A401D8D115F56 /* /Users/rodoc/develop/Tetris/tetris.cpp */,
			);
			runOnlyForDeploymentPostprocessing = 0;
		};
/* End PBXSourcesBuildPhase section */

/* Begin PBXTargetDependency section */
		29E618D2D72141E8875414AF /* PBXTargetDependency */ = {
			isa = PBXTargetDependency;
			target = 6618350F471346CEB0F4E882 /* ZERO_CHECK */;
			targetProxy = 8C8C695B15C54E85ADADA4A5 /* PBXContainerItemProxy */;
		};
		BBC3156629654CE7B4101BC2 /* PBXTargetDependency */ = {
			isa = PBXTargetDependency;
			target = FA8FD675B998484C9547E47F /* tetris */;
			targetProxy = DE804FDBA7534A56992CD0DB /* PBXContainerItemProxy */;
		};
		DD526E9E59114069A23C88C3 /* PBXTargetDependency */ = {
			isa = PBXTargetDependency;
			target = 6618350F471346CEB0F4E882 /* ZERO_CHECK */;
			targetProxy = BF4093FDC6784CC4B1E13B16 /* PBXContainerItemProxy */;
		};
/* End PBXTargetDependency section */

/* Begin XCBuildConfiguration section */
		10CC9BD3CDAA4D52998A2318 /* Release */ = {
			isa = XCBuildConfiguration;
			buildSettings = {
				ALWAYS_SEARCH_USER_PATHS = NO;
				ARCHS = arm64;
				COMBINE_HIDPI_IMAGES = YES;
				GCC_GENERATE_DEBUGGING_SYMBOLS = YES;
				GCC_INLINES_ARE_PRIVATE_EXTERN = NO;
				GCC_OPTIMIZATION_LEVEL = 0;
				GCC_PREPROCESSOR_DEFINITIONS = ("'CMAKE_INTDIR=\"$(CONFIGURATION)$(EFFECTIVE_PLATFORM_NAME)\"'","$(inherited)");
				GCC_SYMBOLS_PRIVATE_EXTERN = NO;
				INSTALL_PATH = "";
				ONLY_ACTIVE_ARCH = NO;
				OTHER_LDFLAGS = ("","$(inherited)");
				OTHER_REZFLAGS = "";
				PRODUCT_NAME = ZERO_CHECK;
				SECTORDER_FLAGS = "";
				USE_HEADERMAP = NO;
				WARNING_CFLAGS = ("$(inherited)");
			};
			name = Release;
		};
		21B111DCE4ED40649B182B8A /* MinSizeRel */ = {
			isa = XCBuildConfiguration;
			buildSettings = {
				ALWAYS_SEARCH_USER_PATHS = NO;
				ARCHS = arm64;
				COMBINE_HIDPI_IMAGES = YES;
				GCC_GENERATE_DEBUGGING_SYMBOLS = YES;
				GCC_INLINES_ARE_PRIVATE_EXTERN = NO;
				GCC_OPTIMIZATION_LEVEL = 0;
				GCC_PREPROCESSOR_DEFINITIONS = ("'CMAKE_INTDIR=\"$(CONFIGURATION)$(EFFECTIVE_PLATFORM_NAME)\"'","$(inherited)");
				GCC_SYMBOLS_PRIVATE_EXTERN = NO;
				INSTALL_PATH = "";
				ONLY_ACTIVE_ARCH = NO;
				OTHER_LDFLAGS = ("","$(inherited)");
				OTHER_REZFLAGS = "";
				PRODUCT_NAME = ZERO_CHECK;
				SECTORDER_FLAGS = "";
				USE_HEADERMAP = NO;
				WARNING_CFLAGS = ("$(inherited)");
			};
			name = MinSizeRel;
		};
		25FCFEFBE4B3474588FC1936 /* Debug */ = {
			isa = XCBuildConfiguration;
			buildSettings = {
				ALWAYS_SEARCH_USER_PATHS = NO;
				ARCHS = arm64;
				COMBINE_HIDPI_IMAGES = YES;
				GCC_GENERATE_DEBUGGING_SYMBOLS = YES;
				GCC_INLINES_ARE_PRIVATE_EXTERN = NO;
				GCC_OPTIMIZATION_LEVEL = 0;
				GCC_PREPROCESSOR_DEFINITIONS = ("'CMAKE_INTDIR=\"$(CONFIGURATION)$(EFFECTIVE_PLATFORM_NAME)\"'","$(inherited)");
				GCC_SYMBOLS_PRIVATE_EXTERN = NO;
				INSTALL_PATH = "";
				ONLY_ACTIVE_ARCH = NO;
				OTHER_LDFLAGS = ("","$(inherited)");
				OTHER_REZFLAGS = "";
				PRODUCT_NAME = ZERO_CHECK;
				SECTORDER_FLAGS = "";
				USE_HEADERMAP = NO;
				WARNING_CFLAGS = ("$(inherited)");
			};
			name = Debug;
		};
		26761F4E8A724CDCB6CC7A88 /* RelWithDebInfo */ = {
			isa = XCBuildConfiguration;
			buildSettings = {
				ALWAYS_SEARCH_USER_PATHS = NO;
				ARCHS = arm64;
				COMBINE_HIDPI_IMAGES = YES;
				CONFIGURATION_BUILD_DIR = /Users/rodoc/develop/Tetris/xcode/RelWithDebInfo;
				EXECUTABLE_PREFIX = "";
				EXECUTABLE_SUFFIX = "";
				FRAMEWORK_SEARCH_PATHS = (/Applications/Xcode.app/Contents/Developer/Platforms/MacOSX.platform/Developer/SDKs/MacOSX14.5.sdk/System/Library/Frameworks,"$(inherited)");
				GCC_GENERATE_DEBUGGING_SYMBOLS = YES;
				GCC_INLINES_ARE_PRIVATE_EXTERN = NO;
				GCC_OPTIMIZATION_LEVEL = 2;
				GCC_PREPROCESSOR_DEFINITIONS = ("'CMAKE_INTDIR=\"$(CONFIGURATION)$(EFFECTIVE_PLATFORM_NAME)\"'",GL_SILENCE_DEPRECATION,SFML_STATIC,FLAC__NO_DLL,AL_LIBTYPE_STATIC,"$(inherited)");
				GCC_SYMBOLS_PRIVATE_EXTERN = NO;
				INFOPLIST_FILE = /Users/rodoc/develop/Tetris/xcode/CMakeFiles/tetris.dir/Info.plist;
				INSTALL_PATH = "";
				ONLY_ACTIVE_ARCH = NO;
				OTHER_CPLUSPLUSFLAGS = "       -DNDEBUG '-std=gnu++11' ";
				OTHER_LDFLAGS = (" -Wl,-search_paths_first -Wl,-headerpad_max_install_names","/Users/rodoc/develop/vcpkg/installed/arm64-osx/lib/libsfml-system-s.a","/Users/rodoc/develop/vcpkg/installed/arm64-osx/lib/libsfml-network-s.a","/Users/rodoc/develop/vcpkg/installed/arm64-osx/lib/libsfml-graphics-s.a","/Users/rodoc/develop/vcpkg/installed/arm64-osx/lib/libsfml-window-s.a","/Users/rodoc/develop/vcpkg/installed/arm64-osx/lib/libsfml-audio-s.a","-framework OpenGL","-framework OpenGL","/Users/rodoc/develop/vcpkg/installed/arm64-osx/lib/libFLAC.a","/Users/rodoc/develop/vcpkg/installed/arm64-osx/lib/libopenal.a","/Users/rodoc/develop/vcpkg/installed/arm64-osx/lib/libvorbis.a","/Users/rodoc/develop/vcpkg/installed/arm64-osx/lib/libvorbisfile.a","/Users/rodoc/develop/vcpkg/installed/arm64-osx/lib/libvorbisenc.a","-framework CoreFoundation","-ObjC","-framework OpenGL","-framework Foundation","-framework AppKit","-framework IOKit","-framework Carbon","/Users/rodoc/develop/vcpkg/installed/arm64-osx/lib/libfreetype.a","/Users/rodoc/develop/vcpkg/installed/arm64-osx/lib/libbz2.a","/Users/rodoc/develop/vcpkg/installed/arm64-osx/lib/libpng16.a","/Users/rodoc/develop/vcpkg/installed/arm64-osx/lib/libz.a","/Users/rodoc/develop/vcpkg/installed/arm64-osx/lib/libbz2.a","/Users/rodoc/develop/vcpkg/installed/arm64-osx/lib/libpng16.a","/Users/rodoc/develop/vcpkg/installed/arm64-osx/lib/libz.a","/Users/rodoc/develop/vcpkg/installed/arm64-osx/lib/libbrotlidec.a","/Users/rodoc/develop/vcpkg/installed/arm64-osx/lib/libbrotlicommon.a","/Users/rodoc/develop/vcpkg/installed/arm64-osx/lib/libsfml-system-s.a","-lpthread","-pthread","-Wl,-framework,AudioToolbox","-Wl,-framework,AudioUnit,-framework,ApplicationServices","-Wl,-framework,CoreAudio","-ldl","/Users/rodoc/develop/vcpkg/installed/arm64-osx/lib/libvorbis.a","-lm","/Users/rodoc/develop/vcpkg/installed/arm64-osx/lib/libogg.a","$(inherited)");
				OTHER_REZFLAGS = "";
				PRODUCT_NAME = tetris;
				SECTORDER_FLAGS = "";
				SYSTEM_HEADER_SEARCH_PATHS = ("/Users/rodoc/develop/vcpkg/installed/arm64-osx/include","/Users/rodoc/develop/vcpkg/installed/arm64-osx/include/AL","$(inherited)");
				TARGET_TEMP_DIR = "/Users/rodoc/develop/Tetris/xcode/build/tetris.build/$(CONFIGURATION)$(EFFECTIVE_PLATFORM_NAME)";
				USE_HEADERMAP = NO;
				WARNING_CFLAGS = ("$(inherited)");
			};
			name = RelWithDebInfo;
		};
		2E3CE533593948F494DAD1FB /* Debug */ = {
			isa = XCBuildConfiguration;
			buildSettings = {
				ALWAYS_SEARCH_USER_PATHS = NO;
				ARCHS = arm64;
				COMBINE_HIDPI_IMAGES = YES;
				CONFIGURATION_BUILD_DIR = /Users/rodoc/develop/Tetris/xcode/Debug;
				EXECUTABLE_PREFIX = "";
				EXECUTABLE_SUFFIX = "";
				FRAMEWORK_SEARCH_PATHS = (/Applications/Xcode.app/Contents/Developer/Platforms/MacOSX.platform/Developer/SDKs/MacOSX14.5.sdk/System/Library/Frameworks,"$(inherited)");
				GCC_GENERATE_DEBUGGING_SYMBOLS = YES;
				GCC_INLINES_ARE_PRIVATE_EXTERN = NO;
				GCC_OPTIMIZATION_LEVEL = 0;
				GCC_PREPROCESSOR_DEFINITIONS = ("'CMAKE_INTDIR=\"$(CONFIGURATION)$(EFFECTIVE_PLATFORM_NAME)\"'",GL_SILENCE_DEPRECATION,SFML_STATIC,FLAC__NO_DLL,AL_LIBTYPE_STATIC,"$(inherited)");
				GCC_SYMBOLS_PRIVATE_EXTERN = NO;
				INFOPLIST_FILE = /Users/rodoc/develop/Tetris/xcode/CMakeFiles/tetris.dir/Info.plist;
				INSTALL_PATH = "";
				ONLY_ACTIVE_ARCH = NO;
				OTHER_CPLUSPLUSFLAGS = "   '-std=gnu++11' ";
				OTHER_LDFLAGS = (" -Wl,-search_paths_first -Wl,-headerpad_max_install_names","/Users/rodoc/develop/vcpkg/installed/arm64-osx/debug/lib/libsfml-system-s-d.a","/Users/rodoc/develop/vcpkg/installed/arm64-osx/debug/lib/libsfml-network-s-d.a","/Users/rodoc/develop/vcpkg/installed/arm64-osx/debug/lib/libsfml-graphics-s-d.a","/Users/rodoc/develop/vcpkg/installed/arm64-osx/debug/lib/libsfml-window-s-d.a","/Users/rodoc/develop/vcpkg/installed/arm64-osx/debug/lib/libsfml-audio-s-d.a","-framework OpenGL","-framework OpenGL","/Users/rodoc/develop/vcpkg/installed/arm64-osx/debug/lib/libFLAC.a","/Users/rodoc/develop/vcpkg/installed/arm64-osx/debug/lib/libopenal.a","/Users/rodoc/develop/vcpkg/installed/arm64-osx/debug/lib/libvorbis.a","/Users/rodoc/develop/vcpkg/installed/arm64-osx/debug/lib/libvorbisfile.a","/Users/rodoc/develop/vcpkg/installed/arm64-osx/debug/lib/libvorbisenc.a","-framework CoreFoundation","-ObjC","-framework OpenGL","-framework Foundation","-framework AppKit","-framework IOKit","-framework Carbon","/Users/rodoc/develop/vcpkg/installed/arm64-osx/debug/lib/libfreetyped.a","/Users/rodoc/develop/vcpkg/installed/arm64-osx/debug/lib/libbz2d.a","/Users/rodoc/develop/vcpkg/installed/arm64-osx/debug/lib/libpng16d.a","/Users/rodoc/develop/vcpkg/installed/arm64-osx/debug/lib/libz.a","/Users/rodoc/develop/vcpkg/installed/arm64-osx/debug/lib/libbz2d.a","/Users/rodoc/develop/vcpkg/installed/arm64-osx/debug/lib/libpng16d.a","/Users/rodoc/develop/vcpkg/installed/arm64-osx/debug/lib/libz.a","/Users/rodoc/develop/vcpkg/installed/arm64-osx/debug/lib/libbrotlidec.a","/Users/rodoc/develop/vcpkg/installed/arm64-osx/debug/lib/libbrotlicommon.a","/Users/rodoc/develop/vcpkg/installed/arm64-osx/debug/lib/libsfml-system-s-d.a","-lpthread","-pthread","-Wl,-framework,AudioToolbox","-Wl,-framework,AudioUnit,-framework,ApplicationServices","-Wl,-framework,CoreAudio","-ldl","/Users/rodoc/develop/vcpkg/installed/arm64-osx/debug/lib/libvorbis.a","-lm","/Users/rodoc/develop/vcpkg/installed/arm64-osx/debug/lib/libogg.a","$(inherited)");
				OTHER_REZFLAGS = "";
				PRODUCT_NAME = tetris;
				SECTORDER_FLAGS = "";
				SYSTEM_HEADER_SEARCH_PATHS = ("/Users/rodoc/develop/vcpkg/installed/arm64-osx/include","/Users/rodoc/develop/vcpkg/installed/arm64-osx/include/AL","$(inherited)");
				TARGET_TEMP_DIR = "/Users/rodoc/develop/Tetris/xcode/build/tetris.build/$(CONFIGURATION)$(EFFECTIVE_PLATFORM_NAME)";
				USE_HEADERMAP = NO;
				WARNING_CFLAGS = ("$(inherited)");
			};
			name = Debug;
		};
		533A91B9E6384801B6781D5B /* RelWithDebInfo */ = {
			isa = XCBuildConfiguration;
			buildSettings = {
				ALWAYS_SEARCH_USER_PATHS = NO;
				ARCHS = arm64;
				COMBINE_HIDPI_IMAGES = YES;
				GCC_GENERATE_DEBUGGING_SYMBOLS = YES;
				GCC_INLINES_ARE_PRIVATE_EXTERN = NO;
				GCC_OPTIMIZATION_LEVEL = 0;
				GCC_PREPROCESSOR_DEFINITIONS = ("'CMAKE_INTDIR=\"$(CONFIGURATION)$(EFFECTIVE_PLATFORM_NAME)\"'","$(inherited)");
				GCC_SYMBOLS_PRIVATE_EXTERN = NO;
				INSTALL_PATH = "";
				ONLY_ACTIVE_ARCH = NO;
				OTHER_LDFLAGS = ("","$(inherited)");
				OTHER_REZFLAGS = "";
				PRODUCT_NAME = ZERO_CHECK;
				SECTORDER_FLAGS = "";
				USE_HEADERMAP = NO;
				WARNING_CFLAGS = ("$(inherited)");
			};
			name = RelWithDebInfo;
		};
		61F961BAF0624E9BA9C35CC6 /* Debug */ = {
			isa = XCBuildConfiguration;
			buildSettings = {
				ARCHS = arm64;
				SDKROOT = /Applications/Xcode.app/Contents/Developer/Platforms/MacOSX.platform/Developer/SDKs/MacOSX14.5.sdk;
				SYMROOT = /Users/rodoc/develop/Tetris/xcode/build;
			};
			name = Debug;
		};
		6B13A6849C3441AA8602D571 /* Release */ = {
			isa = XCBuildConfiguration;
			buildSettings = {
				ALWAYS_SEARCH_USER_PATHS = NO;
				ARCHS = arm64;
				COMBINE_HIDPI_IMAGES = YES;
				CONFIGURATION_BUILD_DIR = /Users/rodoc/develop/Tetris/xcode/Release;
				EXECUTABLE_PREFIX = "";
				EXECUTABLE_SUFFIX = "";
				FRAMEWORK_SEARCH_PATHS = (/Applications/Xcode.app/Contents/Developer/Platforms/MacOSX.platform/Developer/SDKs/MacOSX14.5.sdk/System/Library/Frameworks,"$(inherited)");
				GCC_GENERATE_DEBUGGING_SYMBOLS = NO;
				GCC_INLINES_ARE_PRIVATE_EXTERN = NO;
				GCC_OPTIMIZATION_LEVEL = 3;
				GCC_PREPROCESSOR_DEFINITIONS = ("'CMAKE_INTDIR=\"$(CONFIGURATION)$(EFFECTIVE_PLATFORM_NAME)\"'",GL_SILENCE_DEPRECATION,SFML_STATIC,FLAC__NO_DLL,AL_LIBTYPE_STATIC,"$(inherited)");
				GCC_SYMBOLS_PRIVATE_EXTERN = NO;
				INFOPLIST_FILE = /Users/rodoc/develop/Tetris/xcode/CMakeFiles/tetris.dir/Info.plist;
				INSTALL_PATH = "";
				ONLY_ACTIVE_ARCH = NO;
				OTHER_CPLUSPLUSFLAGS = "    -DNDEBUG '-std=gnu++11' ";
				OTHER_LDFLAGS = (" -Wl,-search_paths_first -Wl,-headerpad_max_install_names","/Users/rodoc/develop/vcpkg/installed/arm64-osx/lib/libsfml-system-s.a","/Users/rodoc/develop/vcpkg/installed/arm64-osx/lib/libsfml-network-s.a","/Users/rodoc/develop/vcpkg/installed/arm64-osx/lib/libsfml-graphics-s.a","/Users/rodoc/develop/vcpkg/installed/arm64-osx/lib/libsfml-window-s.a","/Users/rodoc/develop/vcpkg/installed/arm64-osx/lib/libsfml-audio-s.a","-framework OpenGL","-framework OpenGL","/Users/rodoc/develop/vcpkg/installed/arm64-osx/lib/libFLAC.a","/Users/rodoc/develop/vcpkg/installed/arm64-osx/lib/libopenal.a","/Users/rodoc/develop/vcpkg/installed/arm64-osx/lib/libvorbis.a","/Users/rodoc/develop/vcpkg/installed/arm64-osx/lib/libvorbisfile.a","/Users/rodoc/develop/vcpkg/installed/arm64-osx/lib/libvorbisenc.a","-framework CoreFoundation","-ObjC","-framework OpenGL","-framework Foundation","-framework AppKit","-framework IOKit","-framework Carbon","/Users/rodoc/develop/vcpkg/installed/arm64-osx/lib/libfreetype.a","/Users/rodoc/develop/vcpkg/installed/arm64-osx/lib/libbz2.a","/Users/rodoc/develop/vcpkg/installed/arm64-osx/lib/libpng16.a","/Users/rodoc/develop/vcpkg/installed/arm64-osx/lib/libz.a","/Users/rodoc/develop/vcpkg/installed/arm64-osx/lib/libbz2.a","/Users/rodoc/develop/vcpkg/installed/arm64-osx/lib/libpng16.a","/Users/rodoc/develop/vcpkg/installed/arm64-osx/lib/libz.a","/Users/rodoc/develop/vcpkg/installed/arm64-osx/lib/libbrotlidec.a","/Users/rodoc/develop/vcpkg/installed/arm64-osx/lib/libbrotlicommon.a","/Users/rodoc/develop/vcpkg/installed/arm64-osx/lib/libsfml-system-s.a","-lpthread","-pthread","-Wl,-framework,AudioToolbox","-Wl,-framework,AudioUnit,-framework,ApplicationServices","-Wl,-framework,CoreAudio","-ldl","/Users/rodoc/develop/vcpkg/installed/arm64-osx/lib/libvorbis.a","-lm","/Users/rodoc/develop/vcpkg/installed/arm64-osx/lib/libogg.a","$(inherited)");
				OTHER_REZFLAGS = "";
				PRODUCT_NAME = tetris;
				SECTORDER_FLAGS = "";
				SYSTEM_HEADER_SEARCH_PATHS = ("/Users/rodoc/develop/vcpkg/installed/arm64-osx/include","/Users/rodoc/develop/vcpkg/installed/arm64-osx/include/AL","$(inherited)");
				TARGET_TEMP_DIR = "/Users/rodoc/develop/Tetris/xcode/build/tetris.build/$(CONFIGURATION)$(EFFECTIVE_PLATFORM_NAME)";
				USE_HEADERMAP = NO;
				WARNING_CFLAGS = ("$(inherited)");
			};
			name = Release;
		};
		704963127663451DADC3724A /* Release */ = {
			isa = XCBuildConfiguration;
			buildSettings = {
				ARCHS = arm64;
				SDKROOT = /Applications/Xcode.app/Contents/Developer/Platforms/MacOSX.platform/Developer/SDKs/MacOSX14.5.sdk;
				SWIFT_COMPILATION_MODE = wholemodule;
				SYMROOT = /Users/rodoc/develop/Tetris/xcode/build;
			};
			name = Release;
		};
		7AA78FCDF6BD4BC9BDA5B32B /* RelWithDebInfo */ = {
			isa = XCBuildConfiguration;
			buildSettings = {
				ARCHS = arm64;
				SDKROOT = /Applications/Xcode.app/Contents/Developer/Platforms/MacOSX.platform/Developer/SDKs/MacOSX14.5.sdk;
				SWIFT_COMPILATION_MODE = wholemodule;
				SYMROOT = /Users/rodoc/develop/Tetris/xcode/build;
			};
			name = RelWithDebInfo;
		};
		889B36A926FD468B9A09C8C9 /* RelWithDebInfo */ = {
			isa = XCBuildConfiguration;
			buildSettings = {
				ALWAYS_SEARCH_USER_PATHS = NO;
				ARCHS = arm64;
				COMBINE_HIDPI_IMAGES = YES;
				GCC_GENERATE_DEBUGGING_SYMBOLS = YES;
				GCC_INLINES_ARE_PRIVATE_EXTERN = NO;
				GCC_OPTIMIZATION_LEVEL = 0;
				GCC_PREPROCESSOR_DEFINITIONS = ("'CMAKE_INTDIR=\"$(CONFIGURATION)$(EFFECTIVE_PLATFORM_NAME)\"'","$(inherited)");
				GCC_SYMBOLS_PRIVATE_EXTERN = NO;
				INSTALL_PATH = "";
				ONLY_ACTIVE_ARCH = NO;
				OTHER_LDFLAGS = ("","$(inherited)");
				OTHER_REZFLAGS = "";
				PRODUCT_NAME = ALL_BUILD;
				SECTORDER_FLAGS = "";
				USE_HEADERMAP = NO;
				WARNING_CFLAGS = ("$(inherited)");
			};
			name = RelWithDebInfo;
		};
		A802E879E07A4C07B9B105A0 /* Release */ = {
			isa = XCBuildConfiguration;
			buildSettings = {
				ALWAYS_SEARCH_USER_PATHS = NO;
				ARCHS = arm64;
				COMBINE_HIDPI_IMAGES = YES;
				GCC_GENERATE_DEBUGGING_SYMBOLS = YES;
				GCC_INLINES_ARE_PRIVATE_EXTERN = NO;
				GCC_OPTIMIZATION_LEVEL = 0;
				GCC_PREPROCESSOR_DEFINITIONS = ("'CMAKE_INTDIR=\"$(CONFIGURATION)$(EFFECTIVE_PLATFORM_NAME)\"'","$(inherited)");
				GCC_SYMBOLS_PRIVATE_EXTERN = NO;
				INSTALL_PATH = "";
				ONLY_ACTIVE_ARCH = NO;
				OTHER_LDFLAGS = ("","$(inherited)");
				OTHER_REZFLAGS = "";
				PRODUCT_NAME = ALL_BUILD;
				SECTORDER_FLAGS = "";
				USE_HEADERMAP = NO;
				WARNING_CFLAGS = ("$(inherited)");
			};
			name = Release;
		};
		ACED79AE3927467389227FA9 /* MinSizeRel */ = {
			isa = XCBuildConfiguration;
			buildSettings = {
				ARCHS = arm64;
				SDKROOT = /Applications/Xcode.app/Contents/Developer/Platforms/MacOSX.platform/Developer/SDKs/MacOSX14.5.sdk;
				SWIFT_COMPILATION_MODE = wholemodule;
				SYMROOT = /Users/rodoc/develop/Tetris/xcode/build;
			};
			name = MinSizeRel;
		};
		D102015298264EE8BD72699E /* MinSizeRel */ = {
			isa = XCBuildConfiguration;
			buildSettings = {
				ALWAYS_SEARCH_USER_PATHS = NO;
				ARCHS = arm64;
				COMBINE_HIDPI_IMAGES = YES;
				GCC_GENERATE_DEBUGGING_SYMBOLS = YES;
				GCC_INLINES_ARE_PRIVATE_EXTERN = NO;
				GCC_OPTIMIZATION_LEVEL = 0;
				GCC_PREPROCESSOR_DEFINITIONS = ("'CMAKE_INTDIR=\"$(CONFIGURATION)$(EFFECTIVE_PLATFORM_NAME)\"'","$(inherited)");
				GCC_SYMBOLS_PRIVATE_EXTERN = NO;
				INSTALL_PATH = "";
				ONLY_ACTIVE_ARCH = NO;
				OTHER_LDFLAGS = ("","$(inherited)");
				OTHER_REZFLAGS = "";
				PRODUCT_NAME = ALL_BUILD;
				SECTORDER_FLAGS = "";
				USE_HEADERMAP = NO;
				WARNING_CFLAGS = ("$(inherited)");
			};
			name = MinSizeRel;
		};
		D7D51E92ACE94759B2AFD90B /* MinSizeRel */ = {
			isa = XCBuildConfiguration;
			buildSettings = {
				ALWAYS_SEARCH_USER_PATHS = NO;
				ARCHS = arm64;
				COMBINE_HIDPI_IMAGES = YES;
				CONFIGURATION_BUILD_DIR = /Users/rodoc/develop/Tetris/xcode/MinSizeRel;
				EXECUTABLE_PREFIX = "";
				EXECUTABLE_SUFFIX = "";
				FRAMEWORK_SEARCH_PATHS = (/Applications/Xcode.app/Contents/Developer/Platforms/MacOSX.platform/Developer/SDKs/MacOSX14.5.sdk/System/Library/Frameworks,"$(inherited)");
				GCC_GENERATE_DEBUGGING_SYMBOLS = NO;
				GCC_INLINES_ARE_PRIVATE_EXTERN = NO;
				GCC_OPTIMIZATION_LEVEL = s;
				GCC_PREPROCESSOR_DEFINITIONS = ("'CMAKE_INTDIR=\"$(CONFIGURATION)$(EFFECTIVE_PLATFORM_NAME)\"'",GL_SILENCE_DEPRECATION,SFML_STATIC,FLAC__NO_DLL,AL_LIBTYPE_STATIC,"$(inherited)");
				GCC_SYMBOLS_PRIVATE_EXTERN = NO;
				INFOPLIST_FILE = /Users/rodoc/develop/Tetris/xcode/CMakeFiles/tetris.dir/Info.plist;
				INSTALL_PATH = "";
				ONLY_ACTIVE_ARCH = NO;
				OTHER_CPLUSPLUSFLAGS = "    -DNDEBUG '-std=gnu++11' ";
				OTHER_LDFLAGS = (" -Wl,-search_paths_first -Wl,-headerpad_max_install_names","/Users/rodoc/develop/vcpkg/installed/arm64-osx/lib/libsfml-system-s.a","/Users/rodoc/develop/vcpkg/installed/arm64-osx/lib/libsfml-network-s.a","/Users/rodoc/develop/vcpkg/installed/arm64-osx/lib/libsfml-graphics-s.a","/Users/rodoc/develop/vcpkg/installed/arm64-osx/lib/libsfml-window-s.a","/Users/rodoc/develop/vcpkg/installed/arm64-osx/lib/libsfml-audio-s.a","-framework OpenGL","-framework OpenGL","/Users/rodoc/develop/vcpkg/installed/arm64-osx/lib/libFLAC.a","/Users/rodoc/develop/vcpkg/installed/arm64-osx/lib/libopenal.a","/Users/rodoc/develop/vcpkg/installed/arm64-osx/lib/libvorbis.a","/Users/rodoc/develop/vcpkg/installed/arm64-osx/lib/libvorbisfile.a","/Users/rodoc/develop/vcpkg/installed/arm64-osx/lib/libvorbisenc.a","-framework CoreFoundation","-ObjC","-framework OpenGL","-framework Foundation","-framework AppKit","-framework IOKit","-framework Carbon","/Users/rodoc/develop/vcpkg/installed/arm64-osx/lib/libfreetype.a","/Users/rodoc/develop/vcpkg/installed/arm64-osx/lib/libbz2.a","/Users/rodoc/develop/vcpkg/installed/arm64-osx/lib/libpng16.a","/Users/rodoc/develop/vcpkg/installed/arm64-osx/lib/libz.a","/Users/rodoc/develop/vcpkg/installed/arm64-osx/lib/libbz2.a","/Users/rodoc/develop/vcpkg/installed/arm64-osx/lib/libpng16.a","/Users/rodoc/develop/vcpkg/installed/arm64-osx/lib/libz.a","/Users/rodoc/develop/vcpkg/installed/arm64-osx/lib/libbrotlidec.a","/Users/rodoc/develop/vcpkg/installed/arm64-osx/lib/libbrotlicommon.a","/Users/rodoc/develop/vcpkg/installed/arm64-osx/lib/libsfml-system-s.a","-lpthread","-pthread","-Wl,-framework,AudioToolbox","-Wl,-framework,AudioUnit,-framework,ApplicationServices","-Wl,-framework,CoreAudio","-ldl","/Users/rodoc/develop/vcpkg/installed/arm64-osx/lib/libvorbis.a","-lm","/Users/rodoc/develop/vcpkg/installed/arm64-osx/lib/libogg.a","$(inherited)");
				OTHER_REZFLAGS = "";
				PRODUCT_NAME = tetris;
				SECTORDER_FLAGS = "";
				SYSTEM_HEADER_SEARCH_PATHS = ("/Users/rodoc/develop/vcpkg/installed/arm64-osx/include","/Users/rodoc/develop/vcpkg/installed/arm64-osx/include/AL","$(inherited)");
				TARGET_TEMP_DIR = "/Users/rodoc/develop/Tetris/xcode/build/tetris.build/$(CONFIGURATION)$(EFFECTIVE_PLATFORM_NAME)";
				USE_HEADERMAP = NO;
				WARNING_CFLAGS = ("$(inherited)");
			};
			name = MinSizeRel;
		};
		EC529A27E7024FBA85E9B448 /* Debug */ = {
			isa = XCBuildConfiguration;
			buildSettings = {
				ALWAYS_SEARCH_USER_PATHS = NO;
				ARCHS = arm64;
				COMBINE_HIDPI_IMAGES = YES;
				GCC_GENERATE_DEBUGGING_SYMBOLS = YES;
				GCC_INLINES_ARE_PRIVATE_EXTERN = NO;
				GCC_OPTIMIZATION_LEVEL = 0;
				GCC_PREPROCESSOR_DEFINITIONS = ("'CMAKE_INTDIR=\"$(CONFIGURATION)$(EFFECTIVE_PLATFORM_NAME)\"'","$(inherited)");
				GCC_SYMBOLS_PRIVATE_EXTERN = NO;
				INSTALL_PATH = "";
				ONLY_ACTIVE_ARCH = NO;
				OTHER_LDFLAGS = ("","$(inherited)");
				OTHER_REZFLAGS = "";
				PRODUCT_NAME = ALL_BUILD;
				SECTORDER_FLAGS = "";
				USE_HEADERMAP = NO;
				WARNING_CFLAGS = ("$(inherited)");
			};
			name = Debug;
		};
/* End XCBuildConfiguration section */

/* Begin XCConfigurationList section */
		136A19D8961147BF893BA9BD /* Build configuration list for PBXNativeTarget "tetris" */ = {
			isa = XCConfigurationList;
			buildConfigurations = (
				2E3CE533593948F494DAD1FB /* Debug */,
				6B13A6849C3441AA8602D571 /* Release */,
				D7D51E92ACE94759B2AFD90B /* MinSizeRel */,
				26761F4E8A724CDCB6CC7A88 /* RelWithDebInfo */,
			);
			defaultConfigurationIsVisible = 0;
			defaultConfigurationName = Debug;
		};
		210A240811F94D6DA82B6460 /* Build configuration list for PBXAggregateTarget "ZERO_CHECK" */ = {
			isa = XCConfigurationList;
			buildConfigurations = (
				25FCFEFBE4B3474588FC1936 /* Debug */,
				10CC9BD3CDAA4D52998A2318 /* Release */,
				21B111DCE4ED40649B182B8A /* MinSizeRel */,
				533A91B9E6384801B6781D5B /* RelWithDebInfo */,
			);
			defaultConfigurationIsVisible = 0;
			defaultConfigurationName = Debug;
		};
		A8EE3FA277E3405AB9B4319F /* Build configuration list for PBXProject "Tetris" */ = {
			isa = XCConfigurationList;
			buildConfigurations = (
				61F961BAF0624E9BA9C35CC6 /* Debug */,
				704963127663451DADC3724A /* Release */,
				ACED79AE3927467389227FA9 /* MinSizeRel */,
				7AA78FCDF6BD4BC9BDA5B32B /* RelWithDebInfo */,
			);
			defaultConfigurationIsVisible = 0;
			defaultConfigurationName = Debug;
		};
		C155E55112844C1DBCE92ACD /* Build configuration list for PBXAggregateTarget "ALL_BUILD" */ = {
			isa = XCConfigurationList;
			buildConfigurations = (
				EC529A27E7024FBA85E9B448 /* Debug */,
				A802E879E07A4C07B9B105A0 /* Release */,
				D102015298264EE8BD72699E /* MinSizeRel */,
				889B36A926FD468B9A09C8C9 /* RelWithDebInfo */,
			);
			defaultConfigurationIsVisible = 0;
			defaultConfigurationName = Debug;
		};
/* End XCConfigurationList section */
	};
	rootObject = D26FEB46641C4FA7BB398A01 /* Project object */;
}
